sdk: ^2.0.0-alpha.1
prefixes:
  dhtxx: toit-dhtxx
  dyp_a01: dyp_a01
  ntp: pkg-ntp
packages:
  dyp_a01:
    url: github.com/davidg238/dyp_a01
    name: dyp_a01
    version: 1.0.0
    hash: 1aeca1ac6f5cb220f0f74de5757367d513eedeaa
  pkg-ntp:
    url: github.com/toitlang/pkg-ntp
    name: ntp
    version: 1.0.0
    hash: 1c3cc4a4819f459393f00efc576f66f838665719
  toit-dhtxx:
    url: github.com/toitware/toit-dhtxx
    name: dhtxx
    version: 1.4.0
    hash: bf69ad9ac348324803caf8919cf7e9f34aa3d343
